<?xml version="1.0" encoding="utf-8"?>
<Project ToolsVersion="17.0" xmlns="http://schemas.microsoft.com/developer/msbuild/2003">
  <ItemGroup>
    <CustomBuild Include="D:\IT\WIN32API\OS_Lab1\CMakeFiles\6585b473914b77cca4a2d546b0dc25bf\generate.stamp.rule">
      <Filter>CMake Rules</Filter>
    </CustomBuild>
  </ItemGroup>
  <ItemGroup>
    <Filter Include="CMake Rules">
      <UniqueIdentifier>{971DDE5B-9288-3EC5-A7EE-B3CAD35D88E4}</UniqueIdentifier>
    </Filter>
  </ItemGroup>
</Project>
