<?xml version="1.0" encoding="utf-8"?>
<Project ToolsVersion="17.0" xmlns="http://schemas.microsoft.com/developer/msbuild/2003">
  <ItemGroup>
    <CustomBuild Include="D:\IT\WIN32API\OS_Lab1\CMakeFiles\4086a9d18051f2f3428639998f7990dd\RUN_TESTS_force.rule">
      <Filter>CMake Rules</Filter>
    </CustomBuild>
  </ItemGroup>
  <ItemGroup>
    <Filter Include="CMake Rules">
      <UniqueIdentifier>{971DDE5B-9288-3EC5-A7EE-B3CAD35D88E4}</UniqueIdentifier>
    </Filter>
  </ItemGroup>
</Project>
